
Microsoft Visual Studio Solution File, Format Version 12.00
# Visual Studio Version 17
VisualStudioVersion = 17.0.31903.59
MinimumVisualStudioVersion = 10.0.40219.1
Project("{2150E333-8FDC-42A3-9474-1A3956D46DE8}") = "SQS", "SQS", "{E3F8E857-110E-4440-88CD-4A4B215B78CC}"
EndProject
Project("{FAE04EC0-301F-11D3-BF4B-00C04F79EFBC}") = "SqsPublisherClient", "SQS\SqsPublisherClient\SqsPublisherClient.csproj", "{3FCCCD88-4E8C-434D-B6D7-82CBEF2E3BC5}"
EndProject
Global
	GlobalSection(SolutionConfigurationPlatforms) = preSolution
		Debug|Any CPU = Debug|Any CPU
		Release|Any CPU = Release|Any CPU
	EndGlobalSection
	GlobalSection(ProjectConfigurationPlatforms) = postSolution
		{3FCCCD88-4E8C-434D-B6D7-82CBEF2E3BC5}.Debug|Any CPU.ActiveCfg = Debug|Any CPU
		{3FCCCD88-4E8C-434D-B6D7-82CBEF2E3BC5}.Debug|Any CPU.Build.0 = Debug|Any CPU
		{3FCCCD88-4E8C-434D-B6D7-82CBEF2E3BC5}.Release|Any CPU.ActiveCfg = Release|Any CPU
		{3FCCCD88-4E8C-434D-B6D7-82CBEF2E3BC5}.Release|Any CPU.Build.0 = Release|Any CPU
	EndGlobalSection
	GlobalSection(SolutionProperties) = preSolution
		HideSolutionNode = FALSE
	EndGlobalSection
	GlobalSection(NestedProjects) = preSolution
		{3FCCCD88-4E8C-434D-B6D7-82CBEF2E3BC5} = {E3F8E857-110E-4440-88CD-4A4B215B78CC}
	EndGlobalSection
EndGlobal
